
Microsoft Visual Studio Solution File, Format Version 12.00
# Visual Studio Version 17
VisualStudioVersion = 17.9.34902.65
MinimumVisualStudioVersion = 10.0.40219.1
Project("{9A19103F-16F7-4668-BE54-9A1E7A4F7556}") = "automatizador-cards-anki.api", "src\automatizador-cards-anki.api\automatizador-cards-anki.api.csproj", "{174E0EEC-7857-45AE-82CA-F6DE4512D1E7}"
EndProject
Project("{9A19103F-16F7-4668-BE54-9A1E7A4F7556}") = "automatizador-cards-anki.api.application", "src\automatizador-cards-anki.api.application\automatizador-cards-anki.api.application.csproj", "{3CB2C492-EDDD-44A4-8677-F202984666BF}"
EndProject
Project("{9A19103F-16F7-4668-BE54-9A1E7A4F7556}") = "automatizador-cards-anki.api.domain", "src\automatizador-cards-anki.api.domain\automatizador-cards-anki.api.domain.csproj", "{AF86EAB6-3848-4A5D-A52C-0F23BF4D0515}"
EndProject
Project("{2150E333-8FDC-42A3-9474-1A3956D46DE8}") = "src", "src", "{DB24B899-A6BB-4B19-BE33-424DCC9C5DC4}"
EndProject
Project("{2150E333-8FDC-42A3-9474-1A3956D46DE8}") = "tests", "tests", "{171C68C2-836B-4033-BDF8-AA04FC29D0DF}"
EndProject
Project("{9A19103F-16F7-4668-BE54-9A1E7A4F7556}") = "automatizador-cards-anki.api.integrations", "src\automatizador-cards-anki.api.integrations\automatizador-cards-anki.api.integrations.csproj", "{98FA0EFD-7140-4AB9-A43D-8122D53EC0B9}"
EndProject
Project("{FAE04EC0-301F-11D3-BF4B-00C04F79EFBC}") = "automatizador-cards-anki.api.test", "tests\automatizador-cards-anki.api.test\automatizador-cards-anki.api.test.csproj", "{68E3F056-D532-4CE2-AE0F-1E8FB43F1F2D}"
EndProject
Global
	GlobalSection(SolutionConfigurationPlatforms) = preSolution
		Debug|Any CPU = Debug|Any CPU
		Release|Any CPU = Release|Any CPU
	EndGlobalSection
	GlobalSection(ProjectConfigurationPlatforms) = postSolution
		{174E0EEC-7857-45AE-82CA-F6DE4512D1E7}.Debug|Any CPU.ActiveCfg = Debug|Any CPU
		{174E0EEC-7857-45AE-82CA-F6DE4512D1E7}.Debug|Any CPU.Build.0 = Debug|Any CPU
		{174E0EEC-7857-45AE-82CA-F6DE4512D1E7}.Release|Any CPU.ActiveCfg = Release|Any CPU
		{174E0EEC-7857-45AE-82CA-F6DE4512D1E7}.Release|Any CPU.Build.0 = Release|Any CPU
		{3CB2C492-EDDD-44A4-8677-F202984666BF}.Debug|Any CPU.ActiveCfg = Debug|Any CPU
		{3CB2C492-EDDD-44A4-8677-F202984666BF}.Debug|Any CPU.Build.0 = Debug|Any CPU
		{3CB2C492-EDDD-44A4-8677-F202984666BF}.Release|Any CPU.ActiveCfg = Release|Any CPU
		{3CB2C492-EDDD-44A4-8677-F202984666BF}.Release|Any CPU.Build.0 = Release|Any CPU
		{AF86EAB6-3848-4A5D-A52C-0F23BF4D0515}.Debug|Any CPU.ActiveCfg = Debug|Any CPU
		{AF86EAB6-3848-4A5D-A52C-0F23BF4D0515}.Debug|Any CPU.Build.0 = Debug|Any CPU
		{AF86EAB6-3848-4A5D-A52C-0F23BF4D0515}.Release|Any CPU.ActiveCfg = Release|Any CPU
		{AF86EAB6-3848-4A5D-A52C-0F23BF4D0515}.Release|Any CPU.Build.0 = Release|Any CPU
		{98FA0EFD-7140-4AB9-A43D-8122D53EC0B9}.Debug|Any CPU.ActiveCfg = Debug|Any CPU
		{98FA0EFD-7140-4AB9-A43D-8122D53EC0B9}.Debug|Any CPU.Build.0 = Debug|Any CPU
		{98FA0EFD-7140-4AB9-A43D-8122D53EC0B9}.Release|Any CPU.ActiveCfg = Release|Any CPU
		{98FA0EFD-7140-4AB9-A43D-8122D53EC0B9}.Release|Any CPU.Build.0 = Release|Any CPU
		{68E3F056-D532-4CE2-AE0F-1E8FB43F1F2D}.Debug|Any CPU.ActiveCfg = Debug|Any CPU
		{68E3F056-D532-4CE2-AE0F-1E8FB43F1F2D}.Debug|Any CPU.Build.0 = Debug|Any CPU
		{68E3F056-D532-4CE2-AE0F-1E8FB43F1F2D}.Release|Any CPU.ActiveCfg = Release|Any CPU
		{68E3F056-D532-4CE2-AE0F-1E8FB43F1F2D}.Release|Any CPU.Build.0 = Release|Any CPU
	EndGlobalSection
	GlobalSection(SolutionProperties) = preSolution
		HideSolutionNode = FALSE
	EndGlobalSection
	GlobalSection(NestedProjects) = preSolution
		{174E0EEC-7857-45AE-82CA-F6DE4512D1E7} = {DB24B899-A6BB-4B19-BE33-424DCC9C5DC4}
		{3CB2C492-EDDD-44A4-8677-F202984666BF} = {DB24B899-A6BB-4B19-BE33-424DCC9C5DC4}
		{AF86EAB6-3848-4A5D-A52C-0F23BF4D0515} = {DB24B899-A6BB-4B19-BE33-424DCC9C5DC4}
		{98FA0EFD-7140-4AB9-A43D-8122D53EC0B9} = {DB24B899-A6BB-4B19-BE33-424DCC9C5DC4}
		{68E3F056-D532-4CE2-AE0F-1E8FB43F1F2D} = {171C68C2-836B-4033-BDF8-AA04FC29D0DF}
	EndGlobalSection
	GlobalSection(ExtensibilityGlobals) = postSolution
		SolutionGuid = {98B4E454-DB9E-40F1-8FCD-D7236D59095B}
	EndGlobalSection
EndGlobal
